# @generated by Move, please check-in and do not edit manually.

[move]
version = 3
manifest_digest = "0B70908D7864C31BB50B268E70FB862E83C4C35E2F6F7A2D252C5BE67236C485"
deps_digest = "F8BBB0CCB2491CA29A3DF03D6F92277A4F3574266507ACD77214D37ECA3F3082"
dependencies = [
  { id = "Sui", name = "Sui" },
]

[[move.package]]
id = "MoveStdlib"
source = { git = "https://github.com/MystenLabs/sui.git", rev = "95cddc3f5", subdir = "crates/sui-framework/packages/move-stdlib" }

[[move.package]]
id = "Sui"
source = { git = "https://github.com/MystenLabs/sui.git", rev = "95cddc3f5", subdir = "crates/sui-framework/packages/sui-framework" }

dependencies = [
  { id = "MoveStdlib", name = "MoveStdlib" },
]

[move.toolchain-version]
compiler-version = "1.61.1"
edition = "2024.beta"
flavor = "sui"

[env]

[env.testnet]
chain-id = "4c78adac"
original-published-id = "0xf7350c293a561a2e5d902b893d3a262a2fa9f152f6d8008f5436772d8a230c2d"
latest-published-id = "0xf7350c293a561a2e5d902b893d3a262a2fa9f152f6d8008f5436772d8a230c2d"
published-version = "1"
