# @generated by Move, please check-in and do not edit manually.

[move]
version = 3
manifest_digest = "0B70908D7864C31BB50B268E70FB862E83C4C35E2F6F7A2D252C5BE67236C485"
deps_digest = "F8BBB0CCB2491CA29A3DF03D6F92277A4F3574266507ACD77214D37ECA3F3082"
dependencies = [
  { id = "Sui", name = "Sui" },
]

[[move.package]]
id = "MoveStdlib"
source = { git = "https://github.com/MystenLabs/sui.git", rev = "95cddc3f5", subdir = "crates/sui-framework/packages/move-stdlib" }

[[move.package]]
id = "Sui"
source = { git = "https://github.com/MystenLabs/sui.git", rev = "95cddc3f5", subdir = "crates/sui-framework/packages/sui-framework" }

dependencies = [
  { id = "MoveStdlib", name = "MoveStdlib" },
]

[move.toolchain-version]
compiler-version = "1.61.1"
edition = "2024.beta"
flavor = "sui"

[env]

[env.testnet]
chain-id = "4c78adac"
original-published-id = "0x14880acc61795bb38718104fb74e79613706023028645483dd042fbf311e4cf2"
latest-published-id = "0x14880acc61795bb38718104fb74e79613706023028645483dd042fbf311e4cf2"
published-version = "1"
